
Microsoft Visual Studio Solution File, Format Version 12.00
# Visual Studio Version 16
VisualStudioVersion = 16.0.29926.136
MinimumVisualStudioVersion = 10.0.40219.1
Project("{FAE04EC0-301F-11D3-BF4B-00C04F79EFBC}") = "CheapLoc.Test", "CheapLoc.Test\CheapLoc.Test.csproj", "{FE804C44-F7DD-42C3-90F5-0BCBB69FBF43}"
EndProject
Project("{FAE04EC0-301F-11D3-BF4B-00C04F79EFBC}") = "CheapLoc", "CheapLoc\CheapLoc.csproj", "{3172BBF2-743D-47C9-B862-1566A1CAB5D4}"
EndProject
Project("{FAE04EC0-301F-11D3-BF4B-00C04F79EFBC}") = "CheapLoc.LocExtract", "CheapLoc.LocExtract\CheapLoc.LocExtract.csproj", "{90319BAF-374F-44C5-8820-E2B9FB4DC854}"
EndProject
Global
	GlobalSection(SolutionConfigurationPlatforms) = preSolution
		Debug|Any CPU = Debug|Any CPU
		Release|Any CPU = Release|Any CPU
	EndGlobalSection
	GlobalSection(ProjectConfigurationPlatforms) = postSolution
		{FE804C44-F7DD-42C3-90F5-0BCBB69FBF43}.Debug|Any CPU.ActiveCfg = Debug|Any CPU
		{FE804C44-F7DD-42C3-90F5-0BCBB69FBF43}.Debug|Any CPU.Build.0 = Debug|Any CPU
		{FE804C44-F7DD-42C3-90F5-0BCBB69FBF43}.Release|Any CPU.ActiveCfg = Release|Any CPU
		{FE804C44-F7DD-42C3-90F5-0BCBB69FBF43}.Release|Any CPU.Build.0 = Release|Any CPU
		{3172BBF2-743D-47C9-B862-1566A1CAB5D4}.Debug|Any CPU.ActiveCfg = Debug|Any CPU
		{3172BBF2-743D-47C9-B862-1566A1CAB5D4}.Debug|Any CPU.Build.0 = Debug|Any CPU
		{3172BBF2-743D-47C9-B862-1566A1CAB5D4}.Release|Any CPU.ActiveCfg = Release|Any CPU
		{3172BBF2-743D-47C9-B862-1566A1CAB5D4}.Release|Any CPU.Build.0 = Release|Any CPU
		{90319BAF-374F-44C5-8820-E2B9FB4DC854}.Debug|Any CPU.ActiveCfg = Debug|Any CPU
		{90319BAF-374F-44C5-8820-E2B9FB4DC854}.Debug|Any CPU.Build.0 = Debug|Any CPU
		{90319BAF-374F-44C5-8820-E2B9FB4DC854}.Release|Any CPU.ActiveCfg = Release|Any CPU
		{90319BAF-374F-44C5-8820-E2B9FB4DC854}.Release|Any CPU.Build.0 = Release|Any CPU
	EndGlobalSection
	GlobalSection(SolutionProperties) = preSolution
		HideSolutionNode = FALSE
	EndGlobalSection
	GlobalSection(ExtensibilityGlobals) = postSolution
		SolutionGuid = {AA6AD35F-A9DF-46B0-9857-68149903B548}
	EndGlobalSection
EndGlobal
